
Microsoft Visual Studio Solution File, Format Version 12.00
# Visual Studio Version 17
VisualStudioVersion = 17.5.33424.131
MinimumVisualStudioVersion = 10.0.40219.1
Project("{FAE04EC0-301F-11D3-BF4B-00C04F79EFBC}") = "RateLimit", "RateLimit\RateLimit.csproj", "{D62FD109-F05B-4C61-9E72-433128315DBF}"
EndProject
Global
	GlobalSection(SolutionConfigurationPlatforms) = preSolution
		Debug|Any CPU = Debug|Any CPU
		Release|Any CPU = Release|Any CPU
	EndGlobalSection
	GlobalSection(ProjectConfigurationPlatforms) = postSolution
		{D62FD109-F05B-4C61-9E72-433128315DBF}.Debug|Any CPU.ActiveCfg = Debug|Any CPU
		{D62FD109-F05B-4C61-9E72-433128315DBF}.Debug|Any CPU.Build.0 = Debug|Any CPU
		{D62FD109-F05B-4C61-9E72-433128315DBF}.Release|Any CPU.ActiveCfg = Release|Any CPU
		{D62FD109-F05B-4C61-9E72-433128315DBF}.Release|Any CPU.Build.0 = Release|Any CPU
	EndGlobalSection
	GlobalSection(SolutionProperties) = preSolution
		HideSolutionNode = FALSE
	EndGlobalSection
	GlobalSection(ExtensibilityGlobals) = postSolution
		SolutionGuid = {96BF9E39-1A11-4C25-8BA0-E646A2115E2E}
	EndGlobalSection
EndGlobal
